
Microsoft Visual Studio Solution File, Format Version 12.00
# Visual Studio Version 17
VisualStudioVersion = 17.7.34202.233
MinimumVisualStudioVersion = 10.0.40219.1
Project("{8BC9CEB8-8B4A-11D0-8D11-00A0C91BC942}") = "Pointers", "Pointers\Pointers.vcxproj", "{4FF22382-0354-40FD-A87E-1C2B759DFBC7}"
EndProject
Project("{8BC9CEB8-8B4A-11D0-8D11-00A0C91BC942}") = "TransferParameners", "TransferParameners\TransferParameners.vcxproj", "{43E127BF-D778-4618-809A-DFC12D2BEAA8}"
EndProject
Project("{2150E333-8FDC-42A3-9474-1A3956D46DE8}") = "Solution Items", "Solution Items", "{A3CFCDD4-A57F-45A4-B97E-D0F85706D3ED}"
EndProject
Project("{8BC9CEB8-8B4A-11D0-8D11-00A0C91BC942}") = "Dynamic Memory", "Dynamic Memory\Dynamic Memory.vcxproj", "{6D5AD1C4-C499-45DF-9F6B-603525A6ED8C}"
EndProject
Project("{8BC9CEB8-8B4A-11D0-8D11-00A0C91BC942}") = "References", "References\References.vcxproj", "{F3D5C39A-A97E-4D24-BF9F-E91C8AAD44B5}"
EndProject
Project("{8BC9CEB8-8B4A-11D0-8D11-00A0C91BC942}") = "Split", "Split\Split.vcxproj", "{7D541A80-7CB6-4DF5-93EC-44DA315B2227}"
EndProject
Project("{8BC9CEB8-8B4A-11D0-8D11-00A0C91BC942}") = "Strings", "Strings\Strings.vcxproj", "{2B304248-F305-4323-8C69-6BF67E858B96}"
EndProject
Global
	GlobalSection(SolutionConfigurationPlatforms) = preSolution
		Debug|x64 = Debug|x64
		Debug|x86 = Debug|x86
		Release|x64 = Release|x64
		Release|x86 = Release|x86
	EndGlobalSection
	GlobalSection(ProjectConfigurationPlatforms) = postSolution
		{4FF22382-0354-40FD-A87E-1C2B759DFBC7}.Debug|x64.ActiveCfg = Debug|x64
		{4FF22382-0354-40FD-A87E-1C2B759DFBC7}.Debug|x64.Build.0 = Debug|x64
		{4FF22382-0354-40FD-A87E-1C2B759DFBC7}.Debug|x86.ActiveCfg = Debug|Win32
		{4FF22382-0354-40FD-A87E-1C2B759DFBC7}.Debug|x86.Build.0 = Debug|Win32
		{4FF22382-0354-40FD-A87E-1C2B759DFBC7}.Release|x64.ActiveCfg = Release|x64
		{4FF22382-0354-40FD-A87E-1C2B759DFBC7}.Release|x64.Build.0 = Release|x64
		{4FF22382-0354-40FD-A87E-1C2B759DFBC7}.Release|x86.ActiveCfg = Release|Win32
		{4FF22382-0354-40FD-A87E-1C2B759DFBC7}.Release|x86.Build.0 = Release|Win32
		{43E127BF-D778-4618-809A-DFC12D2BEAA8}.Debug|x64.ActiveCfg = Debug|x64
		{43E127BF-D778-4618-809A-DFC12D2BEAA8}.Debug|x64.Build.0 = Debug|x64
		{43E127BF-D778-4618-809A-DFC12D2BEAA8}.Debug|x86.ActiveCfg = Debug|Win32
		{43E127BF-D778-4618-809A-DFC12D2BEAA8}.Debug|x86.Build.0 = Debug|Win32
		{43E127BF-D778-4618-809A-DFC12D2BEAA8}.Release|x64.ActiveCfg = Release|x64
		{43E127BF-D778-4618-809A-DFC12D2BEAA8}.Release|x64.Build.0 = Release|x64
		{43E127BF-D778-4618-809A-DFC12D2BEAA8}.Release|x86.ActiveCfg = Release|Win32
		{43E127BF-D778-4618-809A-DFC12D2BEAA8}.Release|x86.Build.0 = Release|Win32
		{6D5AD1C4-C499-45DF-9F6B-603525A6ED8C}.Debug|x64.ActiveCfg = Debug|x64
		{6D5AD1C4-C499-45DF-9F6B-603525A6ED8C}.Debug|x64.Build.0 = Debug|x64
		{6D5AD1C4-C499-45DF-9F6B-603525A6ED8C}.Debug|x86.ActiveCfg = Debug|Win32
		{6D5AD1C4-C499-45DF-9F6B-603525A6ED8C}.Debug|x86.Build.0 = Debug|Win32
		{6D5AD1C4-C499-45DF-9F6B-603525A6ED8C}.Release|x64.ActiveCfg = Release|x64
		{6D5AD1C4-C499-45DF-9F6B-603525A6ED8C}.Release|x64.Build.0 = Release|x64
		{6D5AD1C4-C499-45DF-9F6B-603525A6ED8C}.Release|x86.ActiveCfg = Release|Win32
		{6D5AD1C4-C499-45DF-9F6B-603525A6ED8C}.Release|x86.Build.0 = Release|Win32
		{F3D5C39A-A97E-4D24-BF9F-E91C8AAD44B5}.Debug|x64.ActiveCfg = Debug|x64
		{F3D5C39A-A97E-4D24-BF9F-E91C8AAD44B5}.Debug|x64.Build.0 = Debug|x64
		{F3D5C39A-A97E-4D24-BF9F-E91C8AAD44B5}.Debug|x86.ActiveCfg = Debug|Win32
		{F3D5C39A-A97E-4D24-BF9F-E91C8AAD44B5}.Debug|x86.Build.0 = Debug|Win32
		{F3D5C39A-A97E-4D24-BF9F-E91C8AAD44B5}.Release|x64.ActiveCfg = Release|x64
		{F3D5C39A-A97E-4D24-BF9F-E91C8AAD44B5}.Release|x64.Build.0 = Release|x64
		{F3D5C39A-A97E-4D24-BF9F-E91C8AAD44B5}.Release|x86.ActiveCfg = Release|Win32
		{F3D5C39A-A97E-4D24-BF9F-E91C8AAD44B5}.Release|x86.Build.0 = Release|Win32
		{7D541A80-7CB6-4DF5-93EC-44DA315B2227}.Debug|x64.ActiveCfg = Debug|x64
		{7D541A80-7CB6-4DF5-93EC-44DA315B2227}.Debug|x64.Build.0 = Debug|x64
		{7D541A80-7CB6-4DF5-93EC-44DA315B2227}.Debug|x86.ActiveCfg = Debug|Win32
		{7D541A80-7CB6-4DF5-93EC-44DA315B2227}.Debug|x86.Build.0 = Debug|Win32
		{7D541A80-7CB6-4DF5-93EC-44DA315B2227}.Release|x64.ActiveCfg = Release|x64
		{7D541A80-7CB6-4DF5-93EC-44DA315B2227}.Release|x64.Build.0 = Release|x64
		{7D541A80-7CB6-4DF5-93EC-44DA315B2227}.Release|x86.ActiveCfg = Release|Win32
		{7D541A80-7CB6-4DF5-93EC-44DA315B2227}.Release|x86.Build.0 = Release|Win32
		{2B304248-F305-4323-8C69-6BF67E858B96}.Debug|x64.ActiveCfg = Debug|x64
		{2B304248-F305-4323-8C69-6BF67E858B96}.Debug|x64.Build.0 = Debug|x64
		{2B304248-F305-4323-8C69-6BF67E858B96}.Debug|x86.ActiveCfg = Debug|Win32
		{2B304248-F305-4323-8C69-6BF67E858B96}.Debug|x86.Build.0 = Debug|Win32
		{2B304248-F305-4323-8C69-6BF67E858B96}.Release|x64.ActiveCfg = Release|x64
		{2B304248-F305-4323-8C69-6BF67E858B96}.Release|x64.Build.0 = Release|x64
		{2B304248-F305-4323-8C69-6BF67E858B96}.Release|x86.ActiveCfg = Release|Win32
		{2B304248-F305-4323-8C69-6BF67E858B96}.Release|x86.Build.0 = Release|Win32
	EndGlobalSection
	GlobalSection(SolutionProperties) = preSolution
		HideSolutionNode = FALSE
	EndGlobalSection
	GlobalSection(ExtensibilityGlobals) = postSolution
		SolutionGuid = {6BDA3F9A-51FD-4FAC-A33B-AA9C5B1A7F29}
	EndGlobalSection
EndGlobal
